
Microsoft Visual Studio Solution File, Format Version 12.00
# Visual Studio Version 17
VisualStudioVersion = 17.5.002.0
MinimumVisualStudioVersion = 10.0.40219.1
Project("{9A19103F-16F7-4668-BE54-9A1E7A4F7556}") = "ms-notificaciones", "ms-notificaciones.csproj", "{1D7B2B1A-9FB9-4FC3-B3F4-0392B0502DE8}"
EndProject
Global
	GlobalSection(SolutionConfigurationPlatforms) = preSolution
		Debug|Any CPU = Debug|Any CPU
		Release|Any CPU = Release|Any CPU
	EndGlobalSection
	GlobalSection(ProjectConfigurationPlatforms) = postSolution
		{1D7B2B1A-9FB9-4FC3-B3F4-0392B0502DE8}.Debug|Any CPU.ActiveCfg = Debug|Any CPU
		{1D7B2B1A-9FB9-4FC3-B3F4-0392B0502DE8}.Debug|Any CPU.Build.0 = Debug|Any CPU
		{1D7B2B1A-9FB9-4FC3-B3F4-0392B0502DE8}.Release|Any CPU.ActiveCfg = Release|Any CPU
		{1D7B2B1A-9FB9-4FC3-B3F4-0392B0502DE8}.Release|Any CPU.Build.0 = Release|Any CPU
	EndGlobalSection
	GlobalSection(SolutionProperties) = preSolution
		HideSolutionNode = FALSE
	EndGlobalSection
	GlobalSection(ExtensibilityGlobals) = postSolution
		SolutionGuid = {495546A6-4ED3-4AF9-AF24-EC9810EE694C}
	EndGlobalSection
EndGlobal
